
Microsoft Visual Studio Solution File, Format Version 12.00
# Visual Studio 15
VisualStudioVersion = 15.0.27703.2047
MinimumVisualStudioVersion = 10.0.40219.1
Project("{FAE04EC0-301F-11D3-BF4B-00C04F79EFBC}") = "stPete2019", "stPete2019\stPete2019.csproj", "{CBD76A89-CC64-4B26-953D-2EC22E717091}"
EndProject
Global
	GlobalSection(SolutionConfigurationPlatforms) = preSolution
		Debug|Any CPU = Debug|Any CPU
		Release|Any CPU = Release|Any CPU
	EndGlobalSection
	GlobalSection(ProjectConfigurationPlatforms) = postSolution
		{CBD76A89-CC64-4B26-953D-2EC22E717091}.Debug|Any CPU.ActiveCfg = Debug|Any CPU
		{CBD76A89-CC64-4B26-953D-2EC22E717091}.Debug|Any CPU.Build.0 = Debug|Any CPU
		{CBD76A89-CC64-4B26-953D-2EC22E717091}.Release|Any CPU.ActiveCfg = Release|Any CPU
		{CBD76A89-CC64-4B26-953D-2EC22E717091}.Release|Any CPU.Build.0 = Release|Any CPU
	EndGlobalSection
	GlobalSection(SolutionProperties) = preSolution
		HideSolutionNode = FALSE
	EndGlobalSection
	GlobalSection(ExtensibilityGlobals) = postSolution
		SolutionGuid = {9A82B180-42BB-479D-A6BB-B508D222D4DE}
	EndGlobalSection
EndGlobal
